
Microsoft Visual Studio Solution File, Format Version 12.00
# Visual Studio Version 17
VisualStudioVersion = 17.3.32804.467
MinimumVisualStudioVersion = 10.0.40219.1
Project("{FAE04EC0-301F-11D3-BF4B-00C04F79EFBC}") = "22august", "22august\22august.csproj", "{AC100675-A84D-4EE7-82F9-D2A2EA37084A}"
EndProject
Global
	GlobalSection(SolutionConfigurationPlatforms) = preSolution
		Debug|Any CPU = Debug|Any CPU
		Release|Any CPU = Release|Any CPU
	EndGlobalSection
	GlobalSection(ProjectConfigurationPlatforms) = postSolution
		{AC100675-A84D-4EE7-82F9-D2A2EA37084A}.Debug|Any CPU.ActiveCfg = Debug|Any CPU
		{AC100675-A84D-4EE7-82F9-D2A2EA37084A}.Debug|Any CPU.Build.0 = Debug|Any CPU
		{AC100675-A84D-4EE7-82F9-D2A2EA37084A}.Release|Any CPU.ActiveCfg = Release|Any CPU
		{AC100675-A84D-4EE7-82F9-D2A2EA37084A}.Release|Any CPU.Build.0 = Release|Any CPU
	EndGlobalSection
	GlobalSection(SolutionProperties) = preSolution
		HideSolutionNode = FALSE
	EndGlobalSection
	GlobalSection(ExtensibilityGlobals) = postSolution
		SolutionGuid = {779A48AA-6219-4A83-980D-EED11705574D}
	EndGlobalSection
EndGlobal
